
Microsoft Visual Studio Solution File, Format Version 12.00
# Visual Studio Version 17
VisualStudioVersion = 17.4.33122.133
MinimumVisualStudioVersion = 10.0.40219.1
Project("{9A19103F-16F7-4668-BE54-9A1E7A4F7556}") = "CachingDelegatingHandler", "CachingDelegatingHandler\CachingDelegatingHandler.csproj", "{25658C59-CBB3-4517-8669-F3D540A721D4}"
EndProject
Global
	GlobalSection(SolutionConfigurationPlatforms) = preSolution
		Debug|Any CPU = Debug|Any CPU
		Release|Any CPU = Release|Any CPU
	EndGlobalSection
	GlobalSection(ProjectConfigurationPlatforms) = postSolution
		{25658C59-CBB3-4517-8669-F3D540A721D4}.Debug|Any CPU.ActiveCfg = Debug|Any CPU
		{25658C59-CBB3-4517-8669-F3D540A721D4}.Debug|Any CPU.Build.0 = Debug|Any CPU
		{25658C59-CBB3-4517-8669-F3D540A721D4}.Release|Any CPU.ActiveCfg = Release|Any CPU
		{25658C59-CBB3-4517-8669-F3D540A721D4}.Release|Any CPU.Build.0 = Release|Any CPU
	EndGlobalSection
	GlobalSection(SolutionProperties) = preSolution
		HideSolutionNode = FALSE
	EndGlobalSection
	GlobalSection(ExtensibilityGlobals) = postSolution
		SolutionGuid = {5F3B5D40-D2E8-4697-B076-B5BBA7977A43}
	EndGlobalSection
EndGlobal
